{
  "object": {
    "pins": [
      {
        "package": "TVShowsLibrary",
        "repositoryURL": "https://github.com/XFactorus/TVShowsLibrary",
        "state": {
          "branch": "main",
          "revision": "afe2ff25e6c2006a2282b885513477c6f89f0f2a",
          "version": null
        }
      }
    ]
  },
  "version": 1
}
