// !$*UTF8*$!
{
	archiveVersion = 1;
	classes = {
	};
	objectVersion = 50;
	objects = {

/* Begin PBXBuildFile section */
		5E0C4B062520C2B30050CDBD /* BBCharacter.swift in Sources */ = {isa = PBXBuildFile; fileRef = 5E0C4B052520C2B30050CDBD /* BBCharacter.swift */; };
		5E0C4B092520C51C0050CDBD /* BreakingBadEndPoint.swift in Sources */ = {isa = PBXBuildFile; fileRef = 5E0C4B082520C51C0050CDBD /* BreakingBadEndPoint.swift */; };
		5E0C4B0D2520C78E0050CDBD /* BBCharactersViewModel.swift in Sources */ = {isa = PBXBuildFile; fileRef = 5E0C4B0C2520C78E0050CDBD /* BBCharactersViewModel.swift */; };
		5E0C4B142520CA540050CDBD /* RMCharactersListView.swift in Sources */ = {isa = PBXBuildFile; fileRef = 5E0C4B132520CA540050CDBD /* RMCharactersListView.swift */; };
		5E0C4B182520CCB90050CDBD /* BBCharacterDetailsView.swift in Sources */ = {isa = PBXBuildFile; fileRef = 5E0C4B172520CCB90050CDBD /* BBCharacterDetailsView.swift */; };
		5E0C4B1B2520CE7C0050CDBD /* BBCharacterImageView.swift in Sources */ = {isa = PBXBuildFile; fileRef = 5E0C4B1A2520CE7C0050CDBD /* BBCharacterImageView.swift */; };
		5E0C4B1E2520CEAE0050CDBD /* BBCharacterImageViewModel.swift in Sources */ = {isa = PBXBuildFile; fileRef = 5E0C4B1D2520CEAE0050CDBD /* BBCharacterImageViewModel.swift */; };
		5E1C8753251E25DA0026461E /* NavControllerView.swift in Sources */ = {isa = PBXBuildFile; fileRef = 5E1C8752251E25DA0026461E /* NavControllerView.swift */; };
		5E25168625335F5E002F89CE /* RickMortyApiService.swift in Sources */ = {isa = PBXBuildFile; fileRef = 5E25168525335F5E002F89CE /* RickMortyApiService.swift */; };
		5E2B7F71251A3144008415AE /* ApiPagingAppApp.swift in Sources */ = {isa = PBXBuildFile; fileRef = 5E2B7F70251A3144008415AE /* ApiPagingAppApp.swift */; };
		5E2B7F73251A3144008415AE /* MainScreen.swift in Sources */ = {isa = PBXBuildFile; fileRef = 5E2B7F72251A3144008415AE /* MainScreen.swift */; };
		5E2B7F75251A3145008415AE /* Assets.xcassets in Resources */ = {isa = PBXBuildFile; fileRef = 5E2B7F74251A3145008415AE /* Assets.xcassets */; };
		5E2B7F78251A3145008415AE /* Preview Assets.xcassets in Resources */ = {isa = PBXBuildFile; fileRef = 5E2B7F77251A3145008415AE /* Preview Assets.xcassets */; };
		5E391690251CEA8B0035A643 /* ParameterEncoding.swift in Sources */ = {isa = PBXBuildFile; fileRef = 5E391683251CEA8B0035A643 /* ParameterEncoding.swift */; };
		5E391691251CEA8B0035A643 /* URLParameterEncoding.swift in Sources */ = {isa = PBXBuildFile; fileRef = 5E391684251CEA8B0035A643 /* URLParameterEncoding.swift */; };
		5E391692251CEA8B0035A643 /* JSONParameterEncoder.swift in Sources */ = {isa = PBXBuildFile; fileRef = 5E391685251CEA8B0035A643 /* JSONParameterEncoder.swift */; };
		5E391694251CEA8B0035A643 /* RickMortyEndPoint.swift in Sources */ = {isa = PBXBuildFile; fileRef = 5E391689251CEA8B0035A643 /* RickMortyEndPoint.swift */; };
		5E391695251CEA8B0035A643 /* HTTPTask.swift in Sources */ = {isa = PBXBuildFile; fileRef = 5E39168B251CEA8B0035A643 /* HTTPTask.swift */; };
		5E391696251CEA8B0035A643 /* HTTPMethod.swift in Sources */ = {isa = PBXBuildFile; fileRef = 5E39168C251CEA8B0035A643 /* HTTPMethod.swift */; };
		5E391697251CEA8B0035A643 /* Router.swift in Sources */ = {isa = PBXBuildFile; fileRef = 5E39168D251CEA8B0035A643 /* Router.swift */; };
		5E391698251CEA8B0035A643 /* NetworkLogger.swift in Sources */ = {isa = PBXBuildFile; fileRef = 5E39168E251CEA8B0035A643 /* NetworkLogger.swift */; };
		5E391699251CEA8B0035A643 /* EndPointType.swift in Sources */ = {isa = PBXBuildFile; fileRef = 5E39168F251CEA8B0035A643 /* EndPointType.swift */; };
		5E3D9DD7251D0AFF00F91F82 /* RMCharacter.swift in Sources */ = {isa = PBXBuildFile; fileRef = 5E3D9DD6251D0AFF00F91F82 /* RMCharacter.swift */; };
		5E3D9DDB251D0EC100F91F82 /* RMCharactersViewModel.swift in Sources */ = {isa = PBXBuildFile; fileRef = 5E3D9DDA251D0EC100F91F82 /* RMCharactersViewModel.swift */; };
		5E3D9DDF251D129500F91F82 /* BBCharactersListView.swift in Sources */ = {isa = PBXBuildFile; fileRef = 5E3D9DDE251D129500F91F82 /* BBCharactersListView.swift */; };
		5E3D9DE6251D21DA00F91F82 /* RMInfo.swift in Sources */ = {isa = PBXBuildFile; fileRef = 5E3D9DE5251D21DA00F91F82 /* RMInfo.swift */; };
		5E3D9DE9251D222300F91F82 /* RMCharactersInfo.swift in Sources */ = {isa = PBXBuildFile; fileRef = 5E3D9DE8251D222300F91F82 /* RMCharactersInfo.swift */; };
		5E3D9DEE251D238400F91F82 /* Array.swift in Sources */ = {isa = PBXBuildFile; fileRef = 5E3D9DED251D238400F91F82 /* Array.swift */; };
		5E6B66202533481D00F108AB /* ServiceLocator.swift in Sources */ = {isa = PBXBuildFile; fileRef = 5E6B661F2533481D00F108AB /* ServiceLocator.swift */; };
		5E6B662425334A1200F108AB /* BaseNetworkService.swift in Sources */ = {isa = PBXBuildFile; fileRef = 5E6B662325334A1200F108AB /* BaseNetworkService.swift */; };
		5E6B662825334F8400F108AB /* BreakingBadApiService.swift in Sources */ = {isa = PBXBuildFile; fileRef = 5E6B662725334F8400F108AB /* BreakingBadApiService.swift */; };
		5E8C011025335B81003BEB9C /* NetworkEnums.swift in Sources */ = {isa = PBXBuildFile; fileRef = 5E8C010F25335B81003BEB9C /* NetworkEnums.swift */; };
		5EEE13D6251E565A004EDE1A /* RMCharacterDetailsView.swift in Sources */ = {isa = PBXBuildFile; fileRef = 5EEE13D5251E565A004EDE1A /* RMCharacterDetailsView.swift */; };
		5EEE13DA251E5816004EDE1A /* BaseEncodable.swift in Sources */ = {isa = PBXBuildFile; fileRef = 5EEE13D9251E5816004EDE1A /* BaseEncodable.swift */; };
		5EEE13DD251E5D6B004EDE1A /* RMCharacterImageView.swift in Sources */ = {isa = PBXBuildFile; fileRef = 5EEE13DC251E5D6B004EDE1A /* RMCharacterImageView.swift */; };
		5EEE13E2251E6475004EDE1A /* RMCharacterImageViewModel.swift in Sources */ = {isa = PBXBuildFile; fileRef = 5EEE13E1251E6475004EDE1A /* RMCharacterImageViewModel.swift */; };
/* End PBXBuildFile section */

/* Begin PBXFileReference section */
		5E0C4B052520C2B30050CDBD /* BBCharacter.swift */ = {isa = PBXFileReference; lastKnownFileType = sourcecode.swift; path = BBCharacter.swift; sourceTree = "<group>"; };
		5E0C4B082520C51C0050CDBD /* BreakingBadEndPoint.swift */ = {isa = PBXFileReference; lastKnownFileType = sourcecode.swift; path = BreakingBadEndPoint.swift; sourceTree = "<group>"; };
		5E0C4B0C2520C78E0050CDBD /* BBCharactersViewModel.swift */ = {isa = PBXFileReference; lastKnownFileType = sourcecode.swift; path = BBCharactersViewModel.swift; sourceTree = "<group>"; };
		5E0C4B132520CA540050CDBD /* RMCharactersListView.swift */ = {isa = PBXFileReference; lastKnownFileType = sourcecode.swift; path = RMCharactersListView.swift; sourceTree = "<group>"; };
		5E0C4B172520CCB90050CDBD /* BBCharacterDetailsView.swift */ = {isa = PBXFileReference; lastKnownFileType = sourcecode.swift; path = BBCharacterDetailsView.swift; sourceTree = "<group>"; };
		5E0C4B1A2520CE7C0050CDBD /* BBCharacterImageView.swift */ = {isa = PBXFileReference; lastKnownFileType = sourcecode.swift; path = BBCharacterImageView.swift; sourceTree = "<group>"; };
		5E0C4B1D2520CEAE0050CDBD /* BBCharacterImageViewModel.swift */ = {isa = PBXFileReference; lastKnownFileType = sourcecode.swift; path = BBCharacterImageViewModel.swift; sourceTree = "<group>"; };
		5E1C8752251E25DA0026461E /* NavControllerView.swift */ = {isa = PBXFileReference; fileEncoding = 4; lastKnownFileType = sourcecode.swift; path = NavControllerView.swift; sourceTree = "<group>"; };
		5E25168525335F5E002F89CE /* RickMortyApiService.swift */ = {isa = PBXFileReference; lastKnownFileType = sourcecode.swift; path = RickMortyApiService.swift; sourceTree = "<group>"; };
		5E2B7F6D251A3144008415AE /* ServiceLocatorApp.app */ = {isa = PBXFileReference; explicitFileType = wrapper.application; includeInIndex = 0; path = ServiceLocatorApp.app; sourceTree = BUILT_PRODUCTS_DIR; };
		5E2B7F70251A3144008415AE /* ApiPagingAppApp.swift */ = {isa = PBXFileReference; lastKnownFileType = sourcecode.swift; path = ApiPagingAppApp.swift; sourceTree = "<group>"; };
		5E2B7F72251A3144008415AE /* MainScreen.swift */ = {isa = PBXFileReference; lastKnownFileType = sourcecode.swift; path = MainScreen.swift; sourceTree = "<group>"; };
		5E2B7F74251A3145008415AE /* Assets.xcassets */ = {isa = PBXFileReference; lastKnownFileType = folder.assetcatalog; path = Assets.xcassets; sourceTree = "<group>"; };
		5E2B7F77251A3145008415AE /* Preview Assets.xcassets */ = {isa = PBXFileReference; lastKnownFileType = folder.assetcatalog; path = "Preview Assets.xcassets"; sourceTree = "<group>"; };
		5E2B7F79251A3145008415AE /* Info.plist */ = {isa = PBXFileReference; lastKnownFileType = text.plist.xml; path = Info.plist; sourceTree = "<group>"; };
		5E391683251CEA8B0035A643 /* ParameterEncoding.swift */ = {isa = PBXFileReference; fileEncoding = 4; lastKnownFileType = sourcecode.swift; path = ParameterEncoding.swift; sourceTree = "<group>"; };
		5E391684251CEA8B0035A643 /* URLParameterEncoding.swift */ = {isa = PBXFileReference; fileEncoding = 4; lastKnownFileType = sourcecode.swift; path = URLParameterEncoding.swift; sourceTree = "<group>"; };
		5E391685251CEA8B0035A643 /* JSONParameterEncoder.swift */ = {isa = PBXFileReference; fileEncoding = 4; lastKnownFileType = sourcecode.swift; path = JSONParameterEncoder.swift; sourceTree = "<group>"; };
		5E391689251CEA8B0035A643 /* RickMortyEndPoint.swift */ = {isa = PBXFileReference; fileEncoding = 4; lastKnownFileType = sourcecode.swift; path = RickMortyEndPoint.swift; sourceTree = "<group>"; };
		5E39168B251CEA8B0035A643 /* HTTPTask.swift */ = {isa = PBXFileReference; fileEncoding = 4; lastKnownFileType = sourcecode.swift; path = HTTPTask.swift; sourceTree = "<group>"; };
		5E39168C251CEA8B0035A643 /* HTTPMethod.swift */ = {isa = PBXFileReference; fileEncoding = 4; lastKnownFileType = sourcecode.swift; path = HTTPMethod.swift; sourceTree = "<group>"; };
		5E39168D251CEA8B0035A643 /* Router.swift */ = {isa = PBXFileReference; fileEncoding = 4; lastKnownFileType = sourcecode.swift; path = Router.swift; sourceTree = "<group>"; };
		5E39168E251CEA8B0035A643 /* NetworkLogger.swift */ = {isa = PBXFileReference; fileEncoding = 4; lastKnownFileType = sourcecode.swift; path = NetworkLogger.swift; sourceTree = "<group>"; };
		5E39168F251CEA8B0035A643 /* EndPointType.swift */ = {isa = PBXFileReference; fileEncoding = 4; lastKnownFileType = sourcecode.swift; path = EndPointType.swift; sourceTree = "<group>"; };
		5E3D9DD6251D0AFF00F91F82 /* RMCharacter.swift */ = {isa = PBXFileReference; lastKnownFileType = sourcecode.swift; path = RMCharacter.swift; sourceTree = "<group>"; };
		5E3D9DDA251D0EC100F91F82 /* RMCharactersViewModel.swift */ = {isa = PBXFileReference; lastKnownFileType = sourcecode.swift; path = RMCharactersViewModel.swift; sourceTree = "<group>"; };
		5E3D9DDE251D129500F91F82 /* BBCharactersListView.swift */ = {isa = PBXFileReference; lastKnownFileType = sourcecode.swift; path = BBCharactersListView.swift; sourceTree = "<group>"; };
		5E3D9DE5251D21DA00F91F82 /* RMInfo.swift */ = {isa = PBXFileReference; lastKnownFileType = sourcecode.swift; path = RMInfo.swift; sourceTree = "<group>"; };
		5E3D9DE8251D222300F91F82 /* RMCharactersInfo.swift */ = {isa = PBXFileReference; lastKnownFileType = sourcecode.swift; path = RMCharactersInfo.swift; sourceTree = "<group>"; };
		5E3D9DED251D238400F91F82 /* Array.swift */ = {isa = PBXFileReference; fileEncoding = 4; lastKnownFileType = sourcecode.swift; path = Array.swift; sourceTree = "<group>"; };
		5E6B661F2533481D00F108AB /* ServiceLocator.swift */ = {isa = PBXFileReference; lastKnownFileType = sourcecode.swift; path = ServiceLocator.swift; sourceTree = "<group>"; };
		5E6B662325334A1200F108AB /* BaseNetworkService.swift */ = {isa = PBXFileReference; lastKnownFileType = sourcecode.swift; path = BaseNetworkService.swift; sourceTree = "<group>"; };
		5E6B662725334F8400F108AB /* BreakingBadApiService.swift */ = {isa = PBXFileReference; lastKnownFileType = sourcecode.swift; path = BreakingBadApiService.swift; sourceTree = "<group>"; };
		5E8C010F25335B81003BEB9C /* NetworkEnums.swift */ = {isa = PBXFileReference; lastKnownFileType = sourcecode.swift; path = NetworkEnums.swift; sourceTree = "<group>"; };
		5EEE13D5251E565A004EDE1A /* RMCharacterDetailsView.swift */ = {isa = PBXFileReference; lastKnownFileType = sourcecode.swift; path = RMCharacterDetailsView.swift; sourceTree = "<group>"; };
		5EEE13D9251E5816004EDE1A /* BaseEncodable.swift */ = {isa = PBXFileReference; fileEncoding = 4; lastKnownFileType = sourcecode.swift; path = BaseEncodable.swift; sourceTree = "<group>"; };
		5EEE13DC251E5D6B004EDE1A /* RMCharacterImageView.swift */ = {isa = PBXFileReference; lastKnownFileType = sourcecode.swift; path = RMCharacterImageView.swift; sourceTree = "<group>"; };
		5EEE13E1251E6475004EDE1A /* RMCharacterImageViewModel.swift */ = {isa = PBXFileReference; lastKnownFileType = sourcecode.swift; path = RMCharacterImageViewModel.swift; sourceTree = "<group>"; };
/* End PBXFileReference section */

/* Begin PBXFrameworksBuildPhase section */
		5E2B7F6A251A3144008415AE /* Frameworks */ = {
			isa = PBXFrameworksBuildPhase;
			buildActionMask = 2147483647;
			files = (
			);
			runOnlyForDeploymentPostprocessing = 0;
		};
/* End PBXFrameworksBuildPhase section */

/* Begin PBXGroup section */
		5E0C4B042520C20C0050CDBD /* BreakingBad */ = {
			isa = PBXGroup;
			children = (
				5E0C4B052520C2B30050CDBD /* BBCharacter.swift */,
			);
			path = BreakingBad;
			sourceTree = "<group>";
		};
		5E0C4B0F2520C7960050CDBD /* RMViewModels */ = {
			isa = PBXGroup;
			children = (
				5E3D9DDA251D0EC100F91F82 /* RMCharactersViewModel.swift */,
				5EEE13E1251E6475004EDE1A /* RMCharacterImageViewModel.swift */,
			);
			path = RMViewModels;
			sourceTree = "<group>";
		};
		5E0C4B102520C7A40050CDBD /* BBViewModels */ = {
			isa = PBXGroup;
			children = (
				5E0C4B0C2520C78E0050CDBD /* BBCharactersViewModel.swift */,
				5E0C4B1D2520CEAE0050CDBD /* BBCharacterImageViewModel.swift */,
			);
			path = BBViewModels;
			sourceTree = "<group>";
		};
		5E0C4B122520CA380050CDBD /* BreakingBadViews */ = {
			isa = PBXGroup;
			children = (
				5E3D9DDE251D129500F91F82 /* BBCharactersListView.swift */,
				5E0C4B172520CCB90050CDBD /* BBCharacterDetailsView.swift */,
				5E0C4B1A2520CE7C0050CDBD /* BBCharacterImageView.swift */,
			);
			path = BreakingBadViews;
			sourceTree = "<group>";
		};
		5E1C8751251E25DA0026461E /* NavStack */ = {
			isa = PBXGroup;
			children = (
				5E1C8752251E25DA0026461E /* NavControllerView.swift */,
			);
			path = NavStack;
			sourceTree = "<group>";
		};
		5E2B7F64251A3144008415AE = {
			isa = PBXGroup;
			children = (
				5E2B7F6F251A3144008415AE /* ServiceLocatorApp */,
				5E2B7F6E251A3144008415AE /* Products */,
			);
			sourceTree = "<group>";
		};
		5E2B7F6E251A3144008415AE /* Products */ = {
			isa = PBXGroup;
			children = (
				5E2B7F6D251A3144008415AE /* ServiceLocatorApp.app */,
			);
			name = Products;
			sourceTree = "<group>";
		};
		5E2B7F6F251A3144008415AE /* ServiceLocatorApp */ = {
			isa = PBXGroup;
			children = (
				5E6B6618253346CB00F108AB /* Application */,
				5E3D9DEC251D238400F91F82 /* Extensions */,
				5E1C8751251E25DA0026461E /* NavStack */,
				5E6B66192533470A00F108AB /* Resources */,
				5E6B661E2533480000F108AB /* Services */,
				5E3D9DD9251D0EB200F91F82 /* ViewModels */,
				5E3D9DDD251D125C00F91F82 /* Views */,
			);
			path = ServiceLocatorApp;
			sourceTree = "<group>";
		};
		5E2B7F76251A3145008415AE /* Preview Content */ = {
			isa = PBXGroup;
			children = (
				5E2B7F77251A3145008415AE /* Preview Assets.xcassets */,
			);
			path = "Preview Content";
			sourceTree = "<group>";
		};
		5E391680251CEA8B0035A643 /* Networking */ = {
			isa = PBXGroup;
			children = (
				5EADB3A425335D910015F528 /* Services */,
				5E391681251CEA8B0035A643 /* Encoding */,
				5E39169B251CEB600035A643 /* Models */,
				5E391688251CEA8B0035A643 /* EndPoints */,
				5E39168A251CEA8B0035A643 /* ServiceModels */,
			);
			path = Networking;
			sourceTree = "<group>";
		};
		5E391681251CEA8B0035A643 /* Encoding */ = {
			isa = PBXGroup;
			children = (
				5E391682251CEA8B0035A643 /* Parameters */,
			);
			path = Encoding;
			sourceTree = "<group>";
		};
		5E391682251CEA8B0035A643 /* Parameters */ = {
			isa = PBXGroup;
			children = (
				5E391683251CEA8B0035A643 /* ParameterEncoding.swift */,
				5E391684251CEA8B0035A643 /* URLParameterEncoding.swift */,
				5E391685251CEA8B0035A643 /* JSONParameterEncoder.swift */,
			);
			path = Parameters;
			sourceTree = "<group>";
		};
		5E391688251CEA8B0035A643 /* EndPoints */ = {
			isa = PBXGroup;
			children = (
				5E0C4B082520C51C0050CDBD /* BreakingBadEndPoint.swift */,
				5E391689251CEA8B0035A643 /* RickMortyEndPoint.swift */,
			);
			path = EndPoints;
			sourceTree = "<group>";
		};
		5E39168A251CEA8B0035A643 /* ServiceModels */ = {
			isa = PBXGroup;
			children = (
				5E8C010F25335B81003BEB9C /* NetworkEnums.swift */,
				5E39168B251CEA8B0035A643 /* HTTPTask.swift */,
				5E39168C251CEA8B0035A643 /* HTTPMethod.swift */,
				5E39168D251CEA8B0035A643 /* Router.swift */,
				5E39168E251CEA8B0035A643 /* NetworkLogger.swift */,
				5E39168F251CEA8B0035A643 /* EndPointType.swift */,
			);
			path = ServiceModels;
			sourceTree = "<group>";
		};
		5E39169B251CEB600035A643 /* Models */ = {
			isa = PBXGroup;
			children = (
				5E39169C251CEB600035A643 /* Responses */,
				5E3916A5251CEB600035A643 /* Requests */,
			);
			path = Models;
			sourceTree = "<group>";
		};
		5E39169C251CEB600035A643 /* Responses */ = {
			isa = PBXGroup;
			children = (
				5E0C4B042520C20C0050CDBD /* BreakingBad */,
				5E3916CD251CF3010035A643 /* RickMorty */,
			);
			path = Responses;
			sourceTree = "<group>";
		};
		5E3916A5251CEB600035A643 /* Requests */ = {
			isa = PBXGroup;
			children = (
				5EEE13D9251E5816004EDE1A /* BaseEncodable.swift */,
			);
			path = Requests;
			sourceTree = "<group>";
		};
		5E3916CD251CF3010035A643 /* RickMorty */ = {
			isa = PBXGroup;
			children = (
				5E3D9DD6251D0AFF00F91F82 /* RMCharacter.swift */,
				5E3D9DE5251D21DA00F91F82 /* RMInfo.swift */,
				5E3D9DE8251D222300F91F82 /* RMCharactersInfo.swift */,
			);
			path = RickMorty;
			sourceTree = "<group>";
		};
		5E3D9DD9251D0EB200F91F82 /* ViewModels */ = {
			isa = PBXGroup;
			children = (
				5E0C4B102520C7A40050CDBD /* BBViewModels */,
				5E0C4B0F2520C7960050CDBD /* RMViewModels */,
			);
			path = ViewModels;
			sourceTree = "<group>";
		};
		5E3D9DDD251D125C00F91F82 /* Views */ = {
			isa = PBXGroup;
			children = (
				5E2B7F72251A3144008415AE /* MainScreen.swift */,
				5EEE13D3251E55DA004EDE1A /* RickMortyViews */,
				5E0C4B122520CA380050CDBD /* BreakingBadViews */,
			);
			path = Views;
			sourceTree = "<group>";
		};
		5E3D9DEC251D238400F91F82 /* Extensions */ = {
			isa = PBXGroup;
			children = (
				5E3D9DED251D238400F91F82 /* Array.swift */,
			);
			path = Extensions;
			sourceTree = "<group>";
		};
		5E6B6618253346CB00F108AB /* Application */ = {
			isa = PBXGroup;
			children = (
				5E2B7F79251A3145008415AE /* Info.plist */,
				5E2B7F70251A3144008415AE /* ApiPagingAppApp.swift */,
			);
			path = Application;
			sourceTree = "<group>";
		};
		5E6B66192533470A00F108AB /* Resources */ = {
			isa = PBXGroup;
			children = (
				5E2B7F74251A3145008415AE /* Assets.xcassets */,
				5E2B7F76251A3145008415AE /* Preview Content */,
			);
			path = Resources;
			sourceTree = "<group>";
		};
		5E6B661E2533480000F108AB /* Services */ = {
			isa = PBXGroup;
			children = (
				5E6B661F2533481D00F108AB /* ServiceLocator.swift */,
				5E391680251CEA8B0035A643 /* Networking */,
			);
			path = Services;
			sourceTree = "<group>";
		};
		5EADB3A425335D910015F528 /* Services */ = {
			isa = PBXGroup;
			children = (
				5E6B662325334A1200F108AB /* BaseNetworkService.swift */,
				5E25168525335F5E002F89CE /* RickMortyApiService.swift */,
				5E6B662725334F8400F108AB /* BreakingBadApiService.swift */,
			);
			path = Services;
			sourceTree = "<group>";
		};
		5EEE13D3251E55DA004EDE1A /* RickMortyViews */ = {
			isa = PBXGroup;
			children = (
				5E0C4B132520CA540050CDBD /* RMCharactersListView.swift */,
				5EEE13D5251E565A004EDE1A /* RMCharacterDetailsView.swift */,
				5EEE13DC251E5D6B004EDE1A /* RMCharacterImageView.swift */,
			);
			path = RickMortyViews;
			sourceTree = "<group>";
		};
/* End PBXGroup section */

/* Begin PBXNativeTarget section */
		5E2B7F6C251A3144008415AE /* ServiceLocatorApp */ = {
			isa = PBXNativeTarget;
			buildConfigurationList = 5E2B7F7C251A3145008415AE /* Build configuration list for PBXNativeTarget "ServiceLocatorApp" */;
			buildPhases = (
				5E2B7F69251A3144008415AE /* Sources */,
				5E2B7F6A251A3144008415AE /* Frameworks */,
				5E2B7F6B251A3144008415AE /* Resources */,
			);
			buildRules = (
			);
			dependencies = (
			);
			name = ServiceLocatorApp;
			productName = ApiPagingApp;
			productReference = 5E2B7F6D251A3144008415AE /* ServiceLocatorApp.app */;
			productType = "com.apple.product-type.application";
		};
/* End PBXNativeTarget section */

/* Begin PBXProject section */
		5E2B7F65251A3144008415AE /* Project object */ = {
			isa = PBXProject;
			attributes = {
				LastSwiftUpdateCheck = 1200;
				LastUpgradeCheck = 1200;
				TargetAttributes = {
					5E2B7F6C251A3144008415AE = {
						CreatedOnToolsVersion = 12.0;
					};
				};
			};
			buildConfigurationList = 5E2B7F68251A3144008415AE /* Build configuration list for PBXProject "ServiceLocatorApp" */;
			compatibilityVersion = "Xcode 9.3";
			developmentRegion = en;
			hasScannedForEncodings = 0;
			knownRegions = (
				en,
				Base,
			);
			mainGroup = 5E2B7F64251A3144008415AE;
			productRefGroup = 5E2B7F6E251A3144008415AE /* Products */;
			projectDirPath = "";
			projectRoot = "";
			targets = (
				5E2B7F6C251A3144008415AE /* ServiceLocatorApp */,
			);
		};
/* End PBXProject section */

/* Begin PBXResourcesBuildPhase section */
		5E2B7F6B251A3144008415AE /* Resources */ = {
			isa = PBXResourcesBuildPhase;
			buildActionMask = 2147483647;
			files = (
				5E2B7F78251A3145008415AE /* Preview Assets.xcassets in Resources */,
				5E2B7F75251A3145008415AE /* Assets.xcassets in Resources */,
			);
			runOnlyForDeploymentPostprocessing = 0;
		};
/* End PBXResourcesBuildPhase section */

/* Begin PBXSourcesBuildPhase section */
		5E2B7F69251A3144008415AE /* Sources */ = {
			isa = PBXSourcesBuildPhase;
			buildActionMask = 2147483647;
			files = (
				5E6B66202533481D00F108AB /* ServiceLocator.swift in Sources */,
				5E391692251CEA8B0035A643 /* JSONParameterEncoder.swift in Sources */,
				5E3D9DE6251D21DA00F91F82 /* RMInfo.swift in Sources */,
				5E3D9DDB251D0EC100F91F82 /* RMCharactersViewModel.swift in Sources */,
				5E391697251CEA8B0035A643 /* Router.swift in Sources */,
				5E25168625335F5E002F89CE /* RickMortyApiService.swift in Sources */,
				5E0C4B142520CA540050CDBD /* RMCharactersListView.swift in Sources */,
				5E391691251CEA8B0035A643 /* URLParameterEncoding.swift in Sources */,
				5E6B662825334F8400F108AB /* BreakingBadApiService.swift in Sources */,
				5EEE13DD251E5D6B004EDE1A /* RMCharacterImageView.swift in Sources */,
				5E0C4B1E2520CEAE0050CDBD /* BBCharacterImageViewModel.swift in Sources */,
				5E6B662425334A1200F108AB /* BaseNetworkService.swift in Sources */,
				5E391690251CEA8B0035A643 /* ParameterEncoding.swift in Sources */,
				5E391695251CEA8B0035A643 /* HTTPTask.swift in Sources */,
				5E3D9DEE251D238400F91F82 /* Array.swift in Sources */,
				5E391696251CEA8B0035A643 /* HTTPMethod.swift in Sources */,
				5E2B7F73251A3144008415AE /* MainScreen.swift in Sources */,
				5EEE13DA251E5816004EDE1A /* BaseEncodable.swift in Sources */,
				5E0C4B062520C2B30050CDBD /* BBCharacter.swift in Sources */,
				5E0C4B0D2520C78E0050CDBD /* BBCharactersViewModel.swift in Sources */,
				5E3D9DE9251D222300F91F82 /* RMCharactersInfo.swift in Sources */,
				5E0C4B182520CCB90050CDBD /* BBCharacterDetailsView.swift in Sources */,
				5E391699251CEA8B0035A643 /* EndPointType.swift in Sources */,
				5E0C4B1B2520CE7C0050CDBD /* BBCharacterImageView.swift in Sources */,
				5EEE13D6251E565A004EDE1A /* RMCharacterDetailsView.swift in Sources */,
				5E2B7F71251A3144008415AE /* ApiPagingAppApp.swift in Sources */,
				5EEE13E2251E6475004EDE1A /* RMCharacterImageViewModel.swift in Sources */,
				5E1C8753251E25DA0026461E /* NavControllerView.swift in Sources */,
				5E3D9DD7251D0AFF00F91F82 /* RMCharacter.swift in Sources */,
				5E3D9DDF251D129500F91F82 /* BBCharactersListView.swift in Sources */,
				5E0C4B092520C51C0050CDBD /* BreakingBadEndPoint.swift in Sources */,
				5E8C011025335B81003BEB9C /* NetworkEnums.swift in Sources */,
				5E391694251CEA8B0035A643 /* RickMortyEndPoint.swift in Sources */,
				5E391698251CEA8B0035A643 /* NetworkLogger.swift in Sources */,
			);
			runOnlyForDeploymentPostprocessing = 0;
		};
/* End PBXSourcesBuildPhase section */

/* Begin XCBuildConfiguration section */
		5E2B7F7A251A3145008415AE /* Debug */ = {
			isa = XCBuildConfiguration;
			buildSettings = {
				ALWAYS_SEARCH_USER_PATHS = NO;
				CLANG_ANALYZER_NONNULL = YES;
				CLANG_ANALYZER_NUMBER_OBJECT_CONVERSION = YES_AGGRESSIVE;
				CLANG_CXX_LANGUAGE_STANDARD = "gnu++14";
				CLANG_CXX_LIBRARY = "libc++";
				CLANG_ENABLE_MODULES = YES;
				CLANG_ENABLE_OBJC_ARC = YES;
				CLANG_ENABLE_OBJC_WEAK = YES;
				CLANG_WARN_BLOCK_CAPTURE_AUTORELEASING = YES;
				CLANG_WARN_BOOL_CONVERSION = YES;
				CLANG_WARN_COMMA = YES;
				CLANG_WARN_CONSTANT_CONVERSION = YES;
				CLANG_WARN_DEPRECATED_OBJC_IMPLEMENTATIONS = YES;
				CLANG_WARN_DIRECT_OBJC_ISA_USAGE = YES_ERROR;
				CLANG_WARN_DOCUMENTATION_COMMENTS = YES;
				CLANG_WARN_EMPTY_BODY = YES;
				CLANG_WARN_ENUM_CONVERSION = YES;
				CLANG_WARN_INFINITE_RECURSION = YES;
				CLANG_WARN_INT_CONVERSION = YES;
				CLANG_WARN_NON_LITERAL_NULL_CONVERSION = YES;
				CLANG_WARN_OBJC_IMPLICIT_RETAIN_SELF = YES;
				CLANG_WARN_OBJC_LITERAL_CONVERSION = YES;
				CLANG_WARN_OBJC_ROOT_CLASS = YES_ERROR;
				CLANG_WARN_QUOTED_INCLUDE_IN_FRAMEWORK_HEADER = YES;
				CLANG_WARN_RANGE_LOOP_ANALYSIS = YES;
				CLANG_WARN_STRICT_PROTOTYPES = YES;
				CLANG_WARN_SUSPICIOUS_MOVE = YES;
				CLANG_WARN_UNGUARDED_AVAILABILITY = YES_AGGRESSIVE;
				CLANG_WARN_UNREACHABLE_CODE = YES;
				CLANG_WARN__DUPLICATE_METHOD_MATCH = YES;
				COPY_PHASE_STRIP = NO;
				DEBUG_INFORMATION_FORMAT = dwarf;
				ENABLE_STRICT_OBJC_MSGSEND = YES;
				ENABLE_TESTABILITY = YES;
				GCC_C_LANGUAGE_STANDARD = gnu11;
				GCC_DYNAMIC_NO_PIC = NO;
				GCC_NO_COMMON_BLOCKS = YES;
				GCC_OPTIMIZATION_LEVEL = 0;
				GCC_PREPROCESSOR_DEFINITIONS = (
					"DEBUG=1",
					"$(inherited)",
				);
				GCC_WARN_64_TO_32_BIT_CONVERSION = YES;
				GCC_WARN_ABOUT_RETURN_TYPE = YES_ERROR;
				GCC_WARN_UNDECLARED_SELECTOR = YES;
				GCC_WARN_UNINITIALIZED_AUTOS = YES_AGGRESSIVE;
				GCC_WARN_UNUSED_FUNCTION = YES;
				GCC_WARN_UNUSED_VARIABLE = YES;
				IPHONEOS_DEPLOYMENT_TARGET = 14.0;
				MTL_ENABLE_DEBUG_INFO = INCLUDE_SOURCE;
				MTL_FAST_MATH = YES;
				ONLY_ACTIVE_ARCH = YES;
				SDKROOT = iphoneos;
				SWIFT_ACTIVE_COMPILATION_CONDITIONS = DEBUG;
				SWIFT_OPTIMIZATION_LEVEL = "-Onone";
			};
			name = Debug;
		};
		5E2B7F7B251A3145008415AE /* Release */ = {
			isa = XCBuildConfiguration;
			buildSettings = {
				ALWAYS_SEARCH_USER_PATHS = NO;
				CLANG_ANALYZER_NONNULL = YES;
				CLANG_ANALYZER_NUMBER_OBJECT_CONVERSION = YES_AGGRESSIVE;
				CLANG_CXX_LANGUAGE_STANDARD = "gnu++14";
				CLANG_CXX_LIBRARY = "libc++";
				CLANG_ENABLE_MODULES = YES;
				CLANG_ENABLE_OBJC_ARC = YES;
				CLANG_ENABLE_OBJC_WEAK = YES;
				CLANG_WARN_BLOCK_CAPTURE_AUTORELEASING = YES;
				CLANG_WARN_BOOL_CONVERSION = YES;
				CLANG_WARN_COMMA = YES;
				CLANG_WARN_CONSTANT_CONVERSION = YES;
				CLANG_WARN_DEPRECATED_OBJC_IMPLEMENTATIONS = YES;
				CLANG_WARN_DIRECT_OBJC_ISA_USAGE = YES_ERROR;
				CLANG_WARN_DOCUMENTATION_COMMENTS = YES;
				CLANG_WARN_EMPTY_BODY = YES;
				CLANG_WARN_ENUM_CONVERSION = YES;
				CLANG_WARN_INFINITE_RECURSION = YES;
				CLANG_WARN_INT_CONVERSION = YES;
				CLANG_WARN_NON_LITERAL_NULL_CONVERSION = YES;
				CLANG_WARN_OBJC_IMPLICIT_RETAIN_SELF = YES;
				CLANG_WARN_OBJC_LITERAL_CONVERSION = YES;
				CLANG_WARN_OBJC_ROOT_CLASS = YES_ERROR;
				CLANG_WARN_QUOTED_INCLUDE_IN_FRAMEWORK_HEADER = YES;
				CLANG_WARN_RANGE_LOOP_ANALYSIS = YES;
				CLANG_WARN_STRICT_PROTOTYPES = YES;
				CLANG_WARN_SUSPICIOUS_MOVE = YES;
				CLANG_WARN_UNGUARDED_AVAILABILITY = YES_AGGRESSIVE;
				CLANG_WARN_UNREACHABLE_CODE = YES;
				CLANG_WARN__DUPLICATE_METHOD_MATCH = YES;
				COPY_PHASE_STRIP = NO;
				DEBUG_INFORMATION_FORMAT = "dwarf-with-dsym";
				ENABLE_NS_ASSERTIONS = NO;
				ENABLE_STRICT_OBJC_MSGSEND = YES;
				GCC_C_LANGUAGE_STANDARD = gnu11;
				GCC_NO_COMMON_BLOCKS = YES;
				GCC_WARN_64_TO_32_BIT_CONVERSION = YES;
				GCC_WARN_ABOUT_RETURN_TYPE = YES_ERROR;
				GCC_WARN_UNDECLARED_SELECTOR = YES;
				GCC_WARN_UNINITIALIZED_AUTOS = YES_AGGRESSIVE;
				GCC_WARN_UNUSED_FUNCTION = YES;
				GCC_WARN_UNUSED_VARIABLE = YES;
				IPHONEOS_DEPLOYMENT_TARGET = 14.0;
				MTL_ENABLE_DEBUG_INFO = NO;
				MTL_FAST_MATH = YES;
				SDKROOT = iphoneos;
				SWIFT_COMPILATION_MODE = wholemodule;
				SWIFT_OPTIMIZATION_LEVEL = "-O";
				VALIDATE_PRODUCT = YES;
			};
			name = Release;
		};
		5E2B7F7D251A3145008415AE /* Debug */ = {
			isa = XCBuildConfiguration;
			buildSettings = {
				ASSETCATALOG_COMPILER_APPICON_NAME = AppIcon;
				ASSETCATALOG_COMPILER_GLOBAL_ACCENT_COLOR_NAME = AccentColor;
				CODE_SIGN_STYLE = Automatic;
				DEVELOPMENT_ASSET_PATHS = "\"ServiceLocatorApp/Resources/Preview Content\"";
				DEVELOPMENT_TEAM = SDCQ43FS8W;
				ENABLE_PREVIEWS = YES;
				INFOPLIST_FILE = "$(SRCROOT)/ServiceLocatorApp/Application/Info.plist";
				IPHONEOS_DEPLOYMENT_TARGET = 14.0;
				LD_RUNPATH_SEARCH_PATHS = (
					"$(inherited)",
					"@executable_path/Frameworks",
				);
				PRODUCT_BUNDLE_IDENTIFIER = com.quantag.ServiceLocatorApp;
				PRODUCT_NAME = "$(TARGET_NAME)";
				SWIFT_VERSION = 5.0;
				TARGETED_DEVICE_FAMILY = "1,2";
			};
			name = Debug;
		};
		5E2B7F7E251A3145008415AE /* Release */ = {
			isa = XCBuildConfiguration;
			buildSettings = {
				ASSETCATALOG_COMPILER_APPICON_NAME = AppIcon;
				ASSETCATALOG_COMPILER_GLOBAL_ACCENT_COLOR_NAME = AccentColor;
				CODE_SIGN_STYLE = Automatic;
				DEVELOPMENT_ASSET_PATHS = "\"ServiceLocatorApp/Resources/Preview Content\"";
				DEVELOPMENT_TEAM = SDCQ43FS8W;
				ENABLE_PREVIEWS = YES;
				INFOPLIST_FILE = "$(SRCROOT)/ServiceLocatorApp/Application/Info.plist";
				IPHONEOS_DEPLOYMENT_TARGET = 14.0;
				LD_RUNPATH_SEARCH_PATHS = (
					"$(inherited)",
					"@executable_path/Frameworks",
				);
				PRODUCT_BUNDLE_IDENTIFIER = com.quantag.ServiceLocatorApp;
				PRODUCT_NAME = "$(TARGET_NAME)";
				SWIFT_VERSION = 5.0;
				TARGETED_DEVICE_FAMILY = "1,2";
			};
			name = Release;
		};
/* End XCBuildConfiguration section */

/* Begin XCConfigurationList section */
		5E2B7F68251A3144008415AE /* Build configuration list for PBXProject "ServiceLocatorApp" */ = {
			isa = XCConfigurationList;
			buildConfigurations = (
				5E2B7F7A251A3145008415AE /* Debug */,
				5E2B7F7B251A3145008415AE /* Release */,
			);
			defaultConfigurationIsVisible = 0;
			defaultConfigurationName = Release;
		};
		5E2B7F7C251A3145008415AE /* Build configuration list for PBXNativeTarget "ServiceLocatorApp" */ = {
			isa = XCConfigurationList;
			buildConfigurations = (
				5E2B7F7D251A3145008415AE /* Debug */,
				5E2B7F7E251A3145008415AE /* Release */,
			);
			defaultConfigurationIsVisible = 0;
			defaultConfigurationName = Release;
		};
/* End XCConfigurationList section */
	};
	rootObject = 5E2B7F65251A3144008415AE /* Project object */;
}
