// !$*UTF8*$!
{
	archiveVersion = 1;
	classes = {
	};
	objectVersion = 50;
	objects = {

/* Begin PBXBuildFile section */
		5E28007125013A4C00E49D38 /* SecondScreenViewModel.swift in Sources */ = {isa = PBXBuildFile; fileRef = 5E28007025013A4C00E49D38 /* SecondScreenViewModel.swift */; };
		5E28007625013D1C00E49D38 /* SymbolsData.swift in Sources */ = {isa = PBXBuildFile; fileRef = 5E28007525013D1C00E49D38 /* SymbolsData.swift */; };
		5E28007825013DAD00E49D38 /* SymbolModel.swift in Sources */ = {isa = PBXBuildFile; fileRef = 5E28007725013DAD00E49D38 /* SymbolModel.swift */; };
		5E87CBBF250143A1008FD70D /* SymbolRow.swift in Sources */ = {isa = PBXBuildFile; fileRef = 5E87CBBE250143A1008FD70D /* SymbolRow.swift */; };
		5E87CBC3250145EC008FD70D /* SymbolDetail.swift in Sources */ = {isa = PBXBuildFile; fileRef = 5E87CBC2250145EC008FD70D /* SymbolDetail.swift */; };
		5E87CBC825014C41008FD70D /* ThirdScreen.swift in Sources */ = {isa = PBXBuildFile; fileRef = 5E87CBC725014C41008FD70D /* ThirdScreen.swift */; };
		5E87CBCA25014DDD008FD70D /* ThirdScreenModal.swift in Sources */ = {isa = PBXBuildFile; fileRef = 5E87CBC925014DDD008FD70D /* ThirdScreenModal.swift */; };
		5E8F1CFA24FEAEAC00381BAC /* SecondScreen.swift in Sources */ = {isa = PBXBuildFile; fileRef = 5E8F1CF924FEAEAC00381BAC /* SecondScreen.swift */; };
		5EA746E724F8290C00CCEA9B /* AppDelegate.swift in Sources */ = {isa = PBXBuildFile; fileRef = 5EA746E624F8290C00CCEA9B /* AppDelegate.swift */; };
		5EA746E924F8290C00CCEA9B /* SceneDelegate.swift in Sources */ = {isa = PBXBuildFile; fileRef = 5EA746E824F8290C00CCEA9B /* SceneDelegate.swift */; };
		5EA746EB24F8290C00CCEA9B /* MainTabView.swift in Sources */ = {isa = PBXBuildFile; fileRef = 5EA746EA24F8290C00CCEA9B /* MainTabView.swift */; };
		5EA746ED24F8290D00CCEA9B /* Assets.xcassets in Resources */ = {isa = PBXBuildFile; fileRef = 5EA746EC24F8290D00CCEA9B /* Assets.xcassets */; };
		5EA746F024F8290D00CCEA9B /* Preview Assets.xcassets in Resources */ = {isa = PBXBuildFile; fileRef = 5EA746EF24F8290D00CCEA9B /* Preview Assets.xcassets */; };
		5EA746F324F8290D00CCEA9B /* LaunchScreen.storyboard in Resources */ = {isa = PBXBuildFile; fileRef = 5EA746F124F8290D00CCEA9B /* LaunchScreen.storyboard */; };
/* End PBXBuildFile section */

/* Begin PBXFileReference section */
		5E28007025013A4C00E49D38 /* SecondScreenViewModel.swift */ = {isa = PBXFileReference; lastKnownFileType = sourcecode.swift; path = SecondScreenViewModel.swift; sourceTree = "<group>"; };
		5E28007525013D1C00E49D38 /* SymbolsData.swift */ = {isa = PBXFileReference; lastKnownFileType = sourcecode.swift; path = SymbolsData.swift; sourceTree = "<group>"; };
		5E28007725013DAD00E49D38 /* SymbolModel.swift */ = {isa = PBXFileReference; lastKnownFileType = sourcecode.swift; path = SymbolModel.swift; sourceTree = "<group>"; };
		5E87CBBE250143A1008FD70D /* SymbolRow.swift */ = {isa = PBXFileReference; lastKnownFileType = sourcecode.swift; path = SymbolRow.swift; sourceTree = "<group>"; };
		5E87CBC2250145EC008FD70D /* SymbolDetail.swift */ = {isa = PBXFileReference; lastKnownFileType = sourcecode.swift; path = SymbolDetail.swift; sourceTree = "<group>"; };
		5E87CBC725014C41008FD70D /* ThirdScreen.swift */ = {isa = PBXFileReference; lastKnownFileType = sourcecode.swift; path = ThirdScreen.swift; sourceTree = "<group>"; };
		5E87CBC925014DDD008FD70D /* ThirdScreenModal.swift */ = {isa = PBXFileReference; lastKnownFileType = sourcecode.swift; path = ThirdScreenModal.swift; sourceTree = "<group>"; };
		5E8F1CF924FEAEAC00381BAC /* SecondScreen.swift */ = {isa = PBXFileReference; lastKnownFileType = sourcecode.swift; path = SecondScreen.swift; sourceTree = "<group>"; };
		5EA746E324F8290C00CCEA9B /* TestSwiftUI.app */ = {isa = PBXFileReference; explicitFileType = wrapper.application; includeInIndex = 0; path = TestSwiftUI.app; sourceTree = BUILT_PRODUCTS_DIR; };
		5EA746E624F8290C00CCEA9B /* AppDelegate.swift */ = {isa = PBXFileReference; lastKnownFileType = sourcecode.swift; path = AppDelegate.swift; sourceTree = "<group>"; };
		5EA746E824F8290C00CCEA9B /* SceneDelegate.swift */ = {isa = PBXFileReference; lastKnownFileType = sourcecode.swift; path = SceneDelegate.swift; sourceTree = "<group>"; };
		5EA746EA24F8290C00CCEA9B /* MainTabView.swift */ = {isa = PBXFileReference; lastKnownFileType = sourcecode.swift; path = MainTabView.swift; sourceTree = "<group>"; };
		5EA746EC24F8290D00CCEA9B /* Assets.xcassets */ = {isa = PBXFileReference; lastKnownFileType = folder.assetcatalog; path = Assets.xcassets; sourceTree = "<group>"; };
		5EA746EF24F8290D00CCEA9B /* Preview Assets.xcassets */ = {isa = PBXFileReference; lastKnownFileType = folder.assetcatalog; path = "Preview Assets.xcassets"; sourceTree = "<group>"; };
		5EA746F224F8290D00CCEA9B /* Base */ = {isa = PBXFileReference; lastKnownFileType = file.storyboard; name = Base; path = Base.lproj/LaunchScreen.storyboard; sourceTree = "<group>"; };
		5EA746F424F8290D00CCEA9B /* Info.plist */ = {isa = PBXFileReference; lastKnownFileType = text.plist.xml; path = Info.plist; sourceTree = "<group>"; };
/* End PBXFileReference section */

/* Begin PBXFrameworksBuildPhase section */
		5EA746E024F8290C00CCEA9B /* Frameworks */ = {
			isa = PBXFrameworksBuildPhase;
			buildActionMask = 2147483647;
			files = (
			);
			runOnlyForDeploymentPostprocessing = 0;
		};
/* End PBXFrameworksBuildPhase section */

/* Begin PBXGroup section */
		5E17D0D3250134C80073E01F /* Application */ = {
			isa = PBXGroup;
			children = (
				5EA746F424F8290D00CCEA9B /* Info.plist */,
				5EA746E624F8290C00CCEA9B /* AppDelegate.swift */,
				5EA746E824F8290C00CCEA9B /* SceneDelegate.swift */,
			);
			path = Application;
			sourceTree = "<group>";
		};
		5E17D0D4250134D40073E01F /* Views */ = {
			isa = PBXGroup;
			children = (
				5EA746EA24F8290C00CCEA9B /* MainTabView.swift */,
				5E28007325013AAD00E49D38 /* SecondScreenTab */,
				5E87CBC625014BFE008FD70D /* ThirdScreenTab */,
			);
			path = Views;
			sourceTree = "<group>";
		};
		5E28006F25013A3400E49D38 /* ViewModels */ = {
			isa = PBXGroup;
			children = (
				5E28007025013A4C00E49D38 /* SecondScreenViewModel.swift */,
			);
			path = ViewModels;
			sourceTree = "<group>";
		};
		5E28007325013AAD00E49D38 /* SecondScreenTab */ = {
			isa = PBXGroup;
			children = (
				5E8F1CF924FEAEAC00381BAC /* SecondScreen.swift */,
				5E87CBBE250143A1008FD70D /* SymbolRow.swift */,
				5E87CBC2250145EC008FD70D /* SymbolDetail.swift */,
			);
			path = SecondScreenTab;
			sourceTree = "<group>";
		};
		5E28007425013D0100E49D38 /* Models */ = {
			isa = PBXGroup;
			children = (
				5E28007525013D1C00E49D38 /* SymbolsData.swift */,
				5E28007725013DAD00E49D38 /* SymbolModel.swift */,
			);
			path = Models;
			sourceTree = "<group>";
		};
		5E87CBC425014AE5008FD70D /* Resources */ = {
			isa = PBXGroup;
			children = (
				5EA746EC24F8290D00CCEA9B /* Assets.xcassets */,
			);
			path = Resources;
			sourceTree = "<group>";
		};
		5E87CBC525014B15008FD70D /* Storyboards */ = {
			isa = PBXGroup;
			children = (
				5EA746F124F8290D00CCEA9B /* LaunchScreen.storyboard */,
			);
			path = Storyboards;
			sourceTree = "<group>";
		};
		5E87CBC625014BFE008FD70D /* ThirdScreenTab */ = {
			isa = PBXGroup;
			children = (
				5E87CBC725014C41008FD70D /* ThirdScreen.swift */,
				5E87CBC925014DDD008FD70D /* ThirdScreenModal.swift */,
			);
			path = ThirdScreenTab;
			sourceTree = "<group>";
		};
		5EA746DA24F8290C00CCEA9B = {
			isa = PBXGroup;
			children = (
				5EA746E524F8290C00CCEA9B /* TestSwiftUI */,
				5EA746E424F8290C00CCEA9B /* Products */,
			);
			sourceTree = "<group>";
		};
		5EA746E424F8290C00CCEA9B /* Products */ = {
			isa = PBXGroup;
			children = (
				5EA746E324F8290C00CCEA9B /* TestSwiftUI.app */,
			);
			name = Products;
			sourceTree = "<group>";
		};
		5EA746E524F8290C00CCEA9B /* TestSwiftUI */ = {
			isa = PBXGroup;
			children = (
				5E17D0D3250134C80073E01F /* Application */,
				5E28007425013D0100E49D38 /* Models */,
				5E28006F25013A3400E49D38 /* ViewModels */,
				5E17D0D4250134D40073E01F /* Views */,
				5E87CBC425014AE5008FD70D /* Resources */,
				5E87CBC525014B15008FD70D /* Storyboards */,
				5EA746EE24F8290D00CCEA9B /* Preview Content */,
			);
			path = TestSwiftUI;
			sourceTree = "<group>";
		};
		5EA746EE24F8290D00CCEA9B /* Preview Content */ = {
			isa = PBXGroup;
			children = (
				5EA746EF24F8290D00CCEA9B /* Preview Assets.xcassets */,
			);
			path = "Preview Content";
			sourceTree = "<group>";
		};
/* End PBXGroup section */

/* Begin PBXNativeTarget section */
		5EA746E224F8290C00CCEA9B /* TestSwiftUI */ = {
			isa = PBXNativeTarget;
			buildConfigurationList = 5EA746F724F8290D00CCEA9B /* Build configuration list for PBXNativeTarget "TestSwiftUI" */;
			buildPhases = (
				5EA746DF24F8290C00CCEA9B /* Sources */,
				5EA746E024F8290C00CCEA9B /* Frameworks */,
				5EA746E124F8290C00CCEA9B /* Resources */,
			);
			buildRules = (
			);
			dependencies = (
			);
			name = TestSwiftUI;
			productName = TestSwiftUI;
			productReference = 5EA746E324F8290C00CCEA9B /* TestSwiftUI.app */;
			productType = "com.apple.product-type.application";
		};
/* End PBXNativeTarget section */

/* Begin PBXProject section */
		5EA746DB24F8290C00CCEA9B /* Project object */ = {
			isa = PBXProject;
			attributes = {
				LastSwiftUpdateCheck = 1160;
				LastUpgradeCheck = 1160;
				ORGANIZATIONNAME = "Quantag IT Solutions";
				TargetAttributes = {
					5EA746E224F8290C00CCEA9B = {
						CreatedOnToolsVersion = 11.6;
					};
				};
			};
			buildConfigurationList = 5EA746DE24F8290C00CCEA9B /* Build configuration list for PBXProject "TestSwiftUI" */;
			compatibilityVersion = "Xcode 9.3";
			developmentRegion = en;
			hasScannedForEncodings = 0;
			knownRegions = (
				en,
				Base,
			);
			mainGroup = 5EA746DA24F8290C00CCEA9B;
			productRefGroup = 5EA746E424F8290C00CCEA9B /* Products */;
			projectDirPath = "";
			projectRoot = "";
			targets = (
				5EA746E224F8290C00CCEA9B /* TestSwiftUI */,
			);
		};
/* End PBXProject section */

/* Begin PBXResourcesBuildPhase section */
		5EA746E124F8290C00CCEA9B /* Resources */ = {
			isa = PBXResourcesBuildPhase;
			buildActionMask = 2147483647;
			files = (
				5EA746F324F8290D00CCEA9B /* LaunchScreen.storyboard in Resources */,
				5EA746F024F8290D00CCEA9B /* Preview Assets.xcassets in Resources */,
				5EA746ED24F8290D00CCEA9B /* Assets.xcassets in Resources */,
			);
			runOnlyForDeploymentPostprocessing = 0;
		};
/* End PBXResourcesBuildPhase section */

/* Begin PBXSourcesBuildPhase section */
		5EA746DF24F8290C00CCEA9B /* Sources */ = {
			isa = PBXSourcesBuildPhase;
			buildActionMask = 2147483647;
			files = (
				5E87CBBF250143A1008FD70D /* SymbolRow.swift in Sources */,
				5E87CBC3250145EC008FD70D /* SymbolDetail.swift in Sources */,
				5EA746E724F8290C00CCEA9B /* AppDelegate.swift in Sources */,
				5E28007625013D1C00E49D38 /* SymbolsData.swift in Sources */,
				5E87CBCA25014DDD008FD70D /* ThirdScreenModal.swift in Sources */,
				5E8F1CFA24FEAEAC00381BAC /* SecondScreen.swift in Sources */,
				5EA746E924F8290C00CCEA9B /* SceneDelegate.swift in Sources */,
				5EA746EB24F8290C00CCEA9B /* MainTabView.swift in Sources */,
				5E87CBC825014C41008FD70D /* ThirdScreen.swift in Sources */,
				5E28007825013DAD00E49D38 /* SymbolModel.swift in Sources */,
				5E28007125013A4C00E49D38 /* SecondScreenViewModel.swift in Sources */,
			);
			runOnlyForDeploymentPostprocessing = 0;
		};
/* End PBXSourcesBuildPhase section */

/* Begin PBXVariantGroup section */
		5EA746F124F8290D00CCEA9B /* LaunchScreen.storyboard */ = {
			isa = PBXVariantGroup;
			children = (
				5EA746F224F8290D00CCEA9B /* Base */,
			);
			name = LaunchScreen.storyboard;
			sourceTree = "<group>";
		};
/* End PBXVariantGroup section */

/* Begin XCBuildConfiguration section */
		5EA746F524F8290D00CCEA9B /* Debug */ = {
			isa = XCBuildConfiguration;
			buildSettings = {
				ALWAYS_SEARCH_USER_PATHS = NO;
				CLANG_ANALYZER_NONNULL = YES;
				CLANG_ANALYZER_NUMBER_OBJECT_CONVERSION = YES_AGGRESSIVE;
				CLANG_CXX_LANGUAGE_STANDARD = "gnu++14";
				CLANG_CXX_LIBRARY = "libc++";
				CLANG_ENABLE_MODULES = YES;
				CLANG_ENABLE_OBJC_ARC = YES;
				CLANG_ENABLE_OBJC_WEAK = YES;
				CLANG_WARN_BLOCK_CAPTURE_AUTORELEASING = YES;
				CLANG_WARN_BOOL_CONVERSION = YES;
				CLANG_WARN_COMMA = YES;
				CLANG_WARN_CONSTANT_CONVERSION = YES;
				CLANG_WARN_DEPRECATED_OBJC_IMPLEMENTATIONS = YES;
				CLANG_WARN_DIRECT_OBJC_ISA_USAGE = YES_ERROR;
				CLANG_WARN_DOCUMENTATION_COMMENTS = YES;
				CLANG_WARN_EMPTY_BODY = YES;
				CLANG_WARN_ENUM_CONVERSION = YES;
				CLANG_WARN_INFINITE_RECURSION = YES;
				CLANG_WARN_INT_CONVERSION = YES;
				CLANG_WARN_NON_LITERAL_NULL_CONVERSION = YES;
				CLANG_WARN_OBJC_IMPLICIT_RETAIN_SELF = YES;
				CLANG_WARN_OBJC_LITERAL_CONVERSION = YES;
				CLANG_WARN_OBJC_ROOT_CLASS = YES_ERROR;
				CLANG_WARN_RANGE_LOOP_ANALYSIS = YES;
				CLANG_WARN_STRICT_PROTOTYPES = YES;
				CLANG_WARN_SUSPICIOUS_MOVE = YES;
				CLANG_WARN_UNGUARDED_AVAILABILITY = YES_AGGRESSIVE;
				CLANG_WARN_UNREACHABLE_CODE = YES;
				CLANG_WARN__DUPLICATE_METHOD_MATCH = YES;
				COPY_PHASE_STRIP = NO;
				DEBUG_INFORMATION_FORMAT = dwarf;
				ENABLE_STRICT_OBJC_MSGSEND = YES;
				ENABLE_TESTABILITY = YES;
				GCC_C_LANGUAGE_STANDARD = gnu11;
				GCC_DYNAMIC_NO_PIC = NO;
				GCC_NO_COMMON_BLOCKS = YES;
				GCC_OPTIMIZATION_LEVEL = 0;
				GCC_PREPROCESSOR_DEFINITIONS = (
					"DEBUG=1",
					"$(inherited)",
				);
				GCC_WARN_64_TO_32_BIT_CONVERSION = YES;
				GCC_WARN_ABOUT_RETURN_TYPE = YES_ERROR;
				GCC_WARN_UNDECLARED_SELECTOR = YES;
				GCC_WARN_UNINITIALIZED_AUTOS = YES_AGGRESSIVE;
				GCC_WARN_UNUSED_FUNCTION = YES;
				GCC_WARN_UNUSED_VARIABLE = YES;
				IPHONEOS_DEPLOYMENT_TARGET = 13.6;
				MTL_ENABLE_DEBUG_INFO = INCLUDE_SOURCE;
				MTL_FAST_MATH = YES;
				ONLY_ACTIVE_ARCH = YES;
				SDKROOT = iphoneos;
				SWIFT_ACTIVE_COMPILATION_CONDITIONS = DEBUG;
				SWIFT_OPTIMIZATION_LEVEL = "-Onone";
			};
			name = Debug;
		};
		5EA746F624F8290D00CCEA9B /* Release */ = {
			isa = XCBuildConfiguration;
			buildSettings = {
				ALWAYS_SEARCH_USER_PATHS = NO;
				CLANG_ANALYZER_NONNULL = YES;
				CLANG_ANALYZER_NUMBER_OBJECT_CONVERSION = YES_AGGRESSIVE;
				CLANG_CXX_LANGUAGE_STANDARD = "gnu++14";
				CLANG_CXX_LIBRARY = "libc++";
				CLANG_ENABLE_MODULES = YES;
				CLANG_ENABLE_OBJC_ARC = YES;
				CLANG_ENABLE_OBJC_WEAK = YES;
				CLANG_WARN_BLOCK_CAPTURE_AUTORELEASING = YES;
				CLANG_WARN_BOOL_CONVERSION = YES;
				CLANG_WARN_COMMA = YES;
				CLANG_WARN_CONSTANT_CONVERSION = YES;
				CLANG_WARN_DEPRECATED_OBJC_IMPLEMENTATIONS = YES;
				CLANG_WARN_DIRECT_OBJC_ISA_USAGE = YES_ERROR;
				CLANG_WARN_DOCUMENTATION_COMMENTS = YES;
				CLANG_WARN_EMPTY_BODY = YES;
				CLANG_WARN_ENUM_CONVERSION = YES;
				CLANG_WARN_INFINITE_RECURSION = YES;
				CLANG_WARN_INT_CONVERSION = YES;
				CLANG_WARN_NON_LITERAL_NULL_CONVERSION = YES;
				CLANG_WARN_OBJC_IMPLICIT_RETAIN_SELF = YES;
				CLANG_WARN_OBJC_LITERAL_CONVERSION = YES;
				CLANG_WARN_OBJC_ROOT_CLASS = YES_ERROR;
				CLANG_WARN_RANGE_LOOP_ANALYSIS = YES;
				CLANG_WARN_STRICT_PROTOTYPES = YES;
				CLANG_WARN_SUSPICIOUS_MOVE = YES;
				CLANG_WARN_UNGUARDED_AVAILABILITY = YES_AGGRESSIVE;
				CLANG_WARN_UNREACHABLE_CODE = YES;
				CLANG_WARN__DUPLICATE_METHOD_MATCH = YES;
				COPY_PHASE_STRIP = NO;
				DEBUG_INFORMATION_FORMAT = "dwarf-with-dsym";
				ENABLE_NS_ASSERTIONS = NO;
				ENABLE_STRICT_OBJC_MSGSEND = YES;
				GCC_C_LANGUAGE_STANDARD = gnu11;
				GCC_NO_COMMON_BLOCKS = YES;
				GCC_WARN_64_TO_32_BIT_CONVERSION = YES;
				GCC_WARN_ABOUT_RETURN_TYPE = YES_ERROR;
				GCC_WARN_UNDECLARED_SELECTOR = YES;
				GCC_WARN_UNINITIALIZED_AUTOS = YES_AGGRESSIVE;
				GCC_WARN_UNUSED_FUNCTION = YES;
				GCC_WARN_UNUSED_VARIABLE = YES;
				IPHONEOS_DEPLOYMENT_TARGET = 13.6;
				MTL_ENABLE_DEBUG_INFO = NO;
				MTL_FAST_MATH = YES;
				SDKROOT = iphoneos;
				SWIFT_COMPILATION_MODE = wholemodule;
				SWIFT_OPTIMIZATION_LEVEL = "-O";
				VALIDATE_PRODUCT = YES;
			};
			name = Release;
		};
		5EA746F824F8290D00CCEA9B /* Debug */ = {
			isa = XCBuildConfiguration;
			buildSettings = {
				ASSETCATALOG_COMPILER_APPICON_NAME = AppIcon;
				CODE_SIGN_STYLE = Automatic;
				DEVELOPMENT_ASSET_PATHS = "\"TestSwiftUI/Preview Content\"";
				DEVELOPMENT_TEAM = SDCQ43FS8W;
				ENABLE_PREVIEWS = YES;
				INFOPLIST_FILE = TestSwiftUI/Application/Info.plist;
				LD_RUNPATH_SEARCH_PATHS = (
					"$(inherited)",
					"@executable_path/Frameworks",
				);
				PRODUCT_BUNDLE_IDENTIFIER = quantag.TestSwiftUI;
				PRODUCT_NAME = "$(TARGET_NAME)";
				SWIFT_VERSION = 5.0;
				TARGETED_DEVICE_FAMILY = "1,2";
			};
			name = Debug;
		};
		5EA746F924F8290D00CCEA9B /* Release */ = {
			isa = XCBuildConfiguration;
			buildSettings = {
				ASSETCATALOG_COMPILER_APPICON_NAME = AppIcon;
				CODE_SIGN_STYLE = Automatic;
				DEVELOPMENT_ASSET_PATHS = "\"TestSwiftUI/Preview Content\"";
				DEVELOPMENT_TEAM = SDCQ43FS8W;
				ENABLE_PREVIEWS = YES;
				INFOPLIST_FILE = TestSwiftUI/Application/Info.plist;
				LD_RUNPATH_SEARCH_PATHS = (
					"$(inherited)",
					"@executable_path/Frameworks",
				);
				PRODUCT_BUNDLE_IDENTIFIER = quantag.TestSwiftUI;
				PRODUCT_NAME = "$(TARGET_NAME)";
				SWIFT_VERSION = 5.0;
				TARGETED_DEVICE_FAMILY = "1,2";
			};
			name = Release;
		};
/* End XCBuildConfiguration section */

/* Begin XCConfigurationList section */
		5EA746DE24F8290C00CCEA9B /* Build configuration list for PBXProject "TestSwiftUI" */ = {
			isa = XCConfigurationList;
			buildConfigurations = (
				5EA746F524F8290D00CCEA9B /* Debug */,
				5EA746F624F8290D00CCEA9B /* Release */,
			);
			defaultConfigurationIsVisible = 0;
			defaultConfigurationName = Release;
		};
		5EA746F724F8290D00CCEA9B /* Build configuration list for PBXNativeTarget "TestSwiftUI" */ = {
			isa = XCConfigurationList;
			buildConfigurations = (
				5EA746F824F8290D00CCEA9B /* Debug */,
				5EA746F924F8290D00CCEA9B /* Release */,
			);
			defaultConfigurationIsVisible = 0;
			defaultConfigurationName = Release;
		};
/* End XCConfigurationList section */
	};
	rootObject = 5EA746DB24F8290C00CCEA9B /* Project object */;
}
